
Microsoft Visual Studio Solution File, Format Version 12.00
# Visual Studio Version 16
VisualStudioVersion = 16.0.29020.237
MinimumVisualStudioVersion = 10.0.40219.1
Project("{FAE04EC0-301F-11D3-BF4B-00C04F79EFBC}") = "CodeFirst", "CodeFirst.csproj", "{91A63F6C-3C78-4989-AD4F-49BE8F6CDBCA}"
EndProject
Global
	GlobalSection(SolutionConfigurationPlatforms) = preSolution
		Debug|Any CPU = Debug|Any CPU
		Release|Any CPU = Release|Any CPU
	EndGlobalSection
	GlobalSection(ProjectConfigurationPlatforms) = postSolution
		{91A63F6C-3C78-4989-AD4F-49BE8F6CDBCA}.Debug|Any CPU.ActiveCfg = Debug|Any CPU
		{91A63F6C-3C78-4989-AD4F-49BE8F6CDBCA}.Debug|Any CPU.Build.0 = Debug|Any CPU
		{91A63F6C-3C78-4989-AD4F-49BE8F6CDBCA}.Release|Any CPU.ActiveCfg = Release|Any CPU
		{91A63F6C-3C78-4989-AD4F-49BE8F6CDBCA}.Release|Any CPU.Build.0 = Release|Any CPU
	EndGlobalSection
	GlobalSection(SolutionProperties) = preSolution
		HideSolutionNode = FALSE
	EndGlobalSection
	GlobalSection(ExtensibilityGlobals) = postSolution
		SolutionGuid = {B19B926D-C8B0-419E-BD73-C6B063B86601}
	EndGlobalSection
EndGlobal
